
Microsoft Visual Studio Solution File, Format Version 12.00
# Visual Studio Version 16
VisualStudioVersion = 16.0.30907.101
MinimumVisualStudioVersion = 10.0.40219.1
Project("{9A19103F-16F7-4668-BE54-9A1E7A4F7556}") = "TodoList", "TodoList\TodoList.csproj", "{5AE264B2-E8A4-4D4B-9F77-63A15F3BB6F8}"
EndProject
Project("{9A19103F-16F7-4668-BE54-9A1E7A4F7556}") = "TodoList.tests", "TodoList.tests\TodoList.tests.csproj", "{8D4E7273-A788-429F-B626-C7EF6C7841E4}"
EndProject
Global
	GlobalSection(SolutionConfigurationPlatforms) = preSolution
		Debug|Any CPU = Debug|Any CPU
		Release|Any CPU = Release|Any CPU
	EndGlobalSection
	GlobalSection(ProjectConfigurationPlatforms) = postSolution
		{5AE264B2-E8A4-4D4B-9F77-63A15F3BB6F8}.Debug|Any CPU.ActiveCfg = Debug|Any CPU
		{5AE264B2-E8A4-4D4B-9F77-63A15F3BB6F8}.Debug|Any CPU.Build.0 = Debug|Any CPU
		{5AE264B2-E8A4-4D4B-9F77-63A15F3BB6F8}.Release|Any CPU.ActiveCfg = Release|Any CPU
		{5AE264B2-E8A4-4D4B-9F77-63A15F3BB6F8}.Release|Any CPU.Build.0 = Release|Any CPU
		{8D4E7273-A788-429F-B626-C7EF6C7841E4}.Debug|Any CPU.ActiveCfg = Debug|Any CPU
		{8D4E7273-A788-429F-B626-C7EF6C7841E4}.Debug|Any CPU.Build.0 = Debug|Any CPU
		{8D4E7273-A788-429F-B626-C7EF6C7841E4}.Release|Any CPU.ActiveCfg = Release|Any CPU
		{8D4E7273-A788-429F-B626-C7EF6C7841E4}.Release|Any CPU.Build.0 = Release|Any CPU
	EndGlobalSection
	GlobalSection(SolutionProperties) = preSolution
		HideSolutionNode = FALSE
	EndGlobalSection
	GlobalSection(ExtensibilityGlobals) = postSolution
		SolutionGuid = {6AFC8781-DE4A-41F2-83A0-17BC960BB387}
	EndGlobalSection
EndGlobal
